
Microsoft Visual Studio Solution File, Format Version 12.00
# Visual Studio 15
VisualStudioVersion = 15.0.27130.2027
MinimumVisualStudioVersion = 10.0.40219.1
Project("{2150E333-8FDC-42A3-9474-1A3956D46DE8}") = "SharpArch", "SharpArch", "{B33554BD-5B88-4BB2-96E0-9FD2F47FBA07}"
EndProject
Project("{9A19103F-16F7-4668-BE54-9A1E7A4F7556}") = "SharpArch.Domain", "SharpArch.Domain\SharpArch.Domain.csproj", "{8E7A0FBD-F643-4793-B05C-7B740DC98C2A}"
EndProject
Project("{2150E333-8FDC-42A3-9474-1A3956D46DE8}") = "Tests", "Tests", "{1E0FC93D-9540-42B7-B639-5F7E0ABC4B75}"
EndProject
Project("{9A19103F-16F7-4668-BE54-9A1E7A4F7556}") = "SharpArch.Tests", "tests\SharpArch.Tests\SharpArch.Tests.csproj", "{EB1F6A7A-64EF-468E-A257-A8B6B2660711}"
EndProject
Project("{9A19103F-16F7-4668-BE54-9A1E7A4F7556}") = "SharpArch.Testing.NUnit", "SharpArch.Testing.NUnit\SharpArch.Testing.NUnit.csproj", "{F5DF8FC7-7CFA-48FC-8A3B-6BFBFBEF2362}"
EndProject
Project("{9A19103F-16F7-4668-BE54-9A1E7A4F7556}") = "SharpArch.NHibernate", "SharpArch.NHibernate\SharpArch.NHibernate.csproj", "{74B5ABD8-CD58-4D8B-B872-08FFE3F19311}"
EndProject
Project("{9A19103F-16F7-4668-BE54-9A1E7A4F7556}") = "SharpArch.RavenDb", "SharpArch.RavenDb\SharpArch.RavenDb.csproj", "{7DD611C9-22A4-4545-B4E5-761F843D92C5}"
EndProject
Project("{9A19103F-16F7-4668-BE54-9A1E7A4F7556}") = "SharpArch.AspNetCore", "SharpArch.Web.AspNetCore\SharpArch.AspNetCore.csproj", "{685D5CA7-3492-4386-B8DC-37116BA234CE}"
EndProject
Project("{9A19103F-16F7-4668-BE54-9A1E7A4F7556}") = "SharpArch.Tests.NHibernate", "tests\SharpArch.Tests.NHibernate\SharpArch.Tests.NHibernate.csproj", "{7C34A181-2719-457C-9A23-62BFEF182B40}"
EndProject
Project("{9A19103F-16F7-4668-BE54-9A1E7A4F7556}") = "SharpArch.Testing", "SharpArch.Testing\SharpArch.Testing.csproj", "{1E09DC26-B287-48CE-948D-645C06053474}"
EndProject
Project("{2150E333-8FDC-42A3-9474-1A3956D46DE8}") = "Solution Items", "Solution Items", "{1F1FEDCB-8D3B-4157-A74D-D365BCF2CD07}"
	ProjectSection(SolutionItems) = preProject
		..\build.cake = ..\build.cake
	EndProjectSection
EndProject
Project("{9A19103F-16F7-4668-BE54-9A1E7A4F7556}") = "SharpArch.XunitTests", "tests\SharpArch.xUnitTests\SharpArch.XunitTests.csproj", "{D9AF4843-E81B-4E91-84A7-A2326346D1BA}"
EndProject
Global
	GlobalSection(SolutionConfigurationPlatforms) = preSolution
		Debug|Any CPU = Debug|Any CPU
		Release|Any CPU = Release|Any CPU
	EndGlobalSection
	GlobalSection(ProjectConfigurationPlatforms) = postSolution
		{8E7A0FBD-F643-4793-B05C-7B740DC98C2A}.Debug|Any CPU.ActiveCfg = Debug|Any CPU
		{8E7A0FBD-F643-4793-B05C-7B740DC98C2A}.Debug|Any CPU.Build.0 = Debug|Any CPU
		{8E7A0FBD-F643-4793-B05C-7B740DC98C2A}.Release|Any CPU.ActiveCfg = Release|Any CPU
		{8E7A0FBD-F643-4793-B05C-7B740DC98C2A}.Release|Any CPU.Build.0 = Release|Any CPU
		{EB1F6A7A-64EF-468E-A257-A8B6B2660711}.Debug|Any CPU.ActiveCfg = Debug|Any CPU
		{EB1F6A7A-64EF-468E-A257-A8B6B2660711}.Debug|Any CPU.Build.0 = Debug|Any CPU
		{EB1F6A7A-64EF-468E-A257-A8B6B2660711}.Release|Any CPU.ActiveCfg = Release|Any CPU
		{EB1F6A7A-64EF-468E-A257-A8B6B2660711}.Release|Any CPU.Build.0 = Release|Any CPU
		{F5DF8FC7-7CFA-48FC-8A3B-6BFBFBEF2362}.Debug|Any CPU.ActiveCfg = Debug|Any CPU
		{F5DF8FC7-7CFA-48FC-8A3B-6BFBFBEF2362}.Debug|Any CPU.Build.0 = Debug|Any CPU
		{F5DF8FC7-7CFA-48FC-8A3B-6BFBFBEF2362}.Release|Any CPU.ActiveCfg = Release|Any CPU
		{F5DF8FC7-7CFA-48FC-8A3B-6BFBFBEF2362}.Release|Any CPU.Build.0 = Release|Any CPU
		{74B5ABD8-CD58-4D8B-B872-08FFE3F19311}.Debug|Any CPU.ActiveCfg = Debug|Any CPU
		{74B5ABD8-CD58-4D8B-B872-08FFE3F19311}.Debug|Any CPU.Build.0 = Debug|Any CPU
		{74B5ABD8-CD58-4D8B-B872-08FFE3F19311}.Release|Any CPU.ActiveCfg = Release|Any CPU
		{74B5ABD8-CD58-4D8B-B872-08FFE3F19311}.Release|Any CPU.Build.0 = Release|Any CPU
		{7DD611C9-22A4-4545-B4E5-761F843D92C5}.Debug|Any CPU.ActiveCfg = Debug|Any CPU
		{7DD611C9-22A4-4545-B4E5-761F843D92C5}.Debug|Any CPU.Build.0 = Debug|Any CPU
		{7DD611C9-22A4-4545-B4E5-761F843D92C5}.Release|Any CPU.ActiveCfg = Release|Any CPU
		{7DD611C9-22A4-4545-B4E5-761F843D92C5}.Release|Any CPU.Build.0 = Release|Any CPU
		{685D5CA7-3492-4386-B8DC-37116BA234CE}.Debug|Any CPU.ActiveCfg = Debug|Any CPU
		{685D5CA7-3492-4386-B8DC-37116BA234CE}.Debug|Any CPU.Build.0 = Debug|Any CPU
		{685D5CA7-3492-4386-B8DC-37116BA234CE}.Release|Any CPU.ActiveCfg = Release|Any CPU
		{685D5CA7-3492-4386-B8DC-37116BA234CE}.Release|Any CPU.Build.0 = Release|Any CPU
		{7C34A181-2719-457C-9A23-62BFEF182B40}.Debug|Any CPU.ActiveCfg = Debug|Any CPU
		{7C34A181-2719-457C-9A23-62BFEF182B40}.Debug|Any CPU.Build.0 = Debug|Any CPU
		{7C34A181-2719-457C-9A23-62BFEF182B40}.Release|Any CPU.ActiveCfg = Release|Any CPU
		{7C34A181-2719-457C-9A23-62BFEF182B40}.Release|Any CPU.Build.0 = Release|Any CPU
		{1E09DC26-B287-48CE-948D-645C06053474}.Debug|Any CPU.ActiveCfg = Debug|Any CPU
		{1E09DC26-B287-48CE-948D-645C06053474}.Debug|Any CPU.Build.0 = Debug|Any CPU
		{1E09DC26-B287-48CE-948D-645C06053474}.Release|Any CPU.ActiveCfg = Release|Any CPU
		{1E09DC26-B287-48CE-948D-645C06053474}.Release|Any CPU.Build.0 = Release|Any CPU
		{D9AF4843-E81B-4E91-84A7-A2326346D1BA}.Debug|Any CPU.ActiveCfg = Debug|Any CPU
		{D9AF4843-E81B-4E91-84A7-A2326346D1BA}.Debug|Any CPU.Build.0 = Debug|Any CPU
		{D9AF4843-E81B-4E91-84A7-A2326346D1BA}.Release|Any CPU.ActiveCfg = Release|Any CPU
		{D9AF4843-E81B-4E91-84A7-A2326346D1BA}.Release|Any CPU.Build.0 = Release|Any CPU
	EndGlobalSection
	GlobalSection(SolutionProperties) = preSolution
		HideSolutionNode = FALSE
	EndGlobalSection
	GlobalSection(NestedProjects) = preSolution
		{8E7A0FBD-F643-4793-B05C-7B740DC98C2A} = {B33554BD-5B88-4BB2-96E0-9FD2F47FBA07}
		{EB1F6A7A-64EF-468E-A257-A8B6B2660711} = {1E0FC93D-9540-42B7-B639-5F7E0ABC4B75}
		{F5DF8FC7-7CFA-48FC-8A3B-6BFBFBEF2362} = {B33554BD-5B88-4BB2-96E0-9FD2F47FBA07}
		{74B5ABD8-CD58-4D8B-B872-08FFE3F19311} = {B33554BD-5B88-4BB2-96E0-9FD2F47FBA07}
		{7DD611C9-22A4-4545-B4E5-761F843D92C5} = {B33554BD-5B88-4BB2-96E0-9FD2F47FBA07}
		{685D5CA7-3492-4386-B8DC-37116BA234CE} = {B33554BD-5B88-4BB2-96E0-9FD2F47FBA07}
		{7C34A181-2719-457C-9A23-62BFEF182B40} = {1E0FC93D-9540-42B7-B639-5F7E0ABC4B75}
		{1E09DC26-B287-48CE-948D-645C06053474} = {B33554BD-5B88-4BB2-96E0-9FD2F47FBA07}
		{D9AF4843-E81B-4E91-84A7-A2326346D1BA} = {1E0FC93D-9540-42B7-B639-5F7E0ABC4B75}
	EndGlobalSection
	GlobalSection(ExtensibilityGlobals) = postSolution
		SolutionGuid = {66570DE6-E62E-4899-9B61-57AF560D7F3B}
	EndGlobalSection
EndGlobal
